
Microsoft Visual Studio Solution File, Format Version 12.00
# Visual Studio 15
VisualStudioVersion = 15.0.28307.902
MinimumVisualStudioVersion = 10.0.40219.1
Project("{8BC9CEB8-8B4A-11D0-8D11-00A0C91BC942}") = "CodingTest", "CodingTest\CodingTest.vcxproj", "{ADF424CE-3605-47E3-B17C-33ACF259ABD4}"
EndProject
Global
	GlobalSection(SolutionConfigurationPlatforms) = preSolution
		Debug|x64 = Debug|x64
		Debug|x86 = Debug|x86
		Release|x64 = Release|x64
		Release|x86 = Release|x86
	EndGlobalSection
	GlobalSection(ProjectConfigurationPlatforms) = postSolution
		{ADF424CE-3605-47E3-B17C-33ACF259ABD4}.Debug|x64.ActiveCfg = Debug|x64
		{ADF424CE-3605-47E3-B17C-33ACF259ABD4}.Debug|x64.Build.0 = Debug|x64
		{ADF424CE-3605-47E3-B17C-33ACF259ABD4}.Debug|x86.ActiveCfg = Debug|Win32
		{ADF424CE-3605-47E3-B17C-33ACF259ABD4}.Debug|x86.Build.0 = Debug|Win32
		{ADF424CE-3605-47E3-B17C-33ACF259ABD4}.Release|x64.ActiveCfg = Release|x64
		{ADF424CE-3605-47E3-B17C-33ACF259ABD4}.Release|x64.Build.0 = Release|x64
		{ADF424CE-3605-47E3-B17C-33ACF259ABD4}.Release|x86.ActiveCfg = Release|Win32
		{ADF424CE-3605-47E3-B17C-33ACF259ABD4}.Release|x86.Build.0 = Release|Win32
	EndGlobalSection
	GlobalSection(SolutionProperties) = preSolution
		HideSolutionNode = FALSE
	EndGlobalSection
	GlobalSection(ExtensibilityGlobals) = postSolution
		SolutionGuid = {B75A4311-8612-4BAB-8EDC-BE366B43EA4D}
	EndGlobalSection
EndGlobal
